
Microsoft Visual Studio Solution File, Format Version 12.00
# Blend for Visual Studio Version 17
VisualStudioVersion = 17.10.34916.146
MinimumVisualStudioVersion = 10.0.40219.1
Project("{FAE04EC0-301F-11D3-BF4B-00C04F79EFBC}") = "GotifyClient", "GotifyClient.csproj", "{FF74B269-4E2C-423D-A9C9-1DFCBA7D4A60}"
EndProject
Global
	GlobalSection(SolutionConfigurationPlatforms) = preSolution
		Debug|Any CPU = Debug|Any CPU
		Release|Any CPU = Release|Any CPU
	EndGlobalSection
	GlobalSection(ProjectConfigurationPlatforms) = postSolution
		{FF74B269-4E2C-423D-A9C9-1DFCBA7D4A60}.Debug|Any CPU.ActiveCfg = Debug|Any CPU
		{FF74B269-4E2C-423D-A9C9-1DFCBA7D4A60}.Debug|Any CPU.Build.0 = Debug|Any CPU
		{FF74B269-4E2C-423D-A9C9-1DFCBA7D4A60}.Release|Any CPU.ActiveCfg = Release|Any CPU
		{FF74B269-4E2C-423D-A9C9-1DFCBA7D4A60}.Release|Any CPU.Build.0 = Release|Any CPU
	EndGlobalSection
	GlobalSection(SolutionProperties) = preSolution
		HideSolutionNode = FALSE
	EndGlobalSection
	GlobalSection(ExtensibilityGlobals) = postSolution
		SolutionGuid = {A3DB9EB6-5637-4317-9632-BBE91F5DDC16}
	EndGlobalSection
EndGlobal
